
Microsoft Visual Studio Solution File, Format Version 12.00
# Visual Studio 15
VisualStudioVersion = 15.0.28010.2019
MinimumVisualStudioVersion = 10.0.40219.1
Project("{FAE04EC0-301F-11D3-BF4B-00C04F79EFBC}") = "LukeVo.MemoryMonitor", "LukeVo.MemoryMonitor\LukeVo.MemoryMonitor.csproj", "{AE22F08F-58E2-4275-BB99-683AD3D24E27}"
EndProject
Project("{2150E333-8FDC-42A3-9474-1A3956D46DE8}") = "Solution Items", "Solution Items", "{039CF7F9-ACD1-4D4C-BEE9-ECBA70AECA25}"
	ProjectSection(SolutionItems) = preProject
		LICENSE.MD = LICENSE.MD
		README.MD = README.MD
	EndProjectSection
EndProject
Global
	GlobalSection(SolutionConfigurationPlatforms) = preSolution
		Debug|Any CPU = Debug|Any CPU
		Release|Any CPU = Release|Any CPU
	EndGlobalSection
	GlobalSection(ProjectConfigurationPlatforms) = postSolution
		{AE22F08F-58E2-4275-BB99-683AD3D24E27}.Debug|Any CPU.ActiveCfg = Debug|Any CPU
		{AE22F08F-58E2-4275-BB99-683AD3D24E27}.Debug|Any CPU.Build.0 = Debug|Any CPU
		{AE22F08F-58E2-4275-BB99-683AD3D24E27}.Release|Any CPU.ActiveCfg = Release|Any CPU
		{AE22F08F-58E2-4275-BB99-683AD3D24E27}.Release|Any CPU.Build.0 = Release|Any CPU
	EndGlobalSection
	GlobalSection(SolutionProperties) = preSolution
		HideSolutionNode = FALSE
	EndGlobalSection
	GlobalSection(ExtensibilityGlobals) = postSolution
		SolutionGuid = {D5D0D70E-CF13-4474-A099-E90A000C5BFB}
	EndGlobalSection
EndGlobal
